
Microsoft Visual Studio Solution File, Format Version 12.00
# Visual Studio 15
VisualStudioVersion = 15.0.28010.2050
MinimumVisualStudioVersion = 10.0.40219.1
Project("{FAE04EC0-301F-11D3-BF4B-00C04F79EFBC}") = "Loop-GuessNumber", "Loop-GuessNumber\Loop-GuessNumber.csproj", "{A6AA0D68-C223-4DB5-9502-93BE410A0C27}"
EndProject
Global
	GlobalSection(SolutionConfigurationPlatforms) = preSolution
		Debug|Any CPU = Debug|Any CPU
		Release|Any CPU = Release|Any CPU
	EndGlobalSection
	GlobalSection(ProjectConfigurationPlatforms) = postSolution
		{A6AA0D68-C223-4DB5-9502-93BE410A0C27}.Debug|Any CPU.ActiveCfg = Debug|Any CPU
		{A6AA0D68-C223-4DB5-9502-93BE410A0C27}.Debug|Any CPU.Build.0 = Debug|Any CPU
		{A6AA0D68-C223-4DB5-9502-93BE410A0C27}.Release|Any CPU.ActiveCfg = Release|Any CPU
		{A6AA0D68-C223-4DB5-9502-93BE410A0C27}.Release|Any CPU.Build.0 = Release|Any CPU
	EndGlobalSection
	GlobalSection(SolutionProperties) = preSolution
		HideSolutionNode = FALSE
	EndGlobalSection
	GlobalSection(ExtensibilityGlobals) = postSolution
		SolutionGuid = {2035A11D-2393-41C1-80C3-320D6D533544}
	EndGlobalSection
EndGlobal
